
Microsoft Visual Studio Solution File, Format Version 12.00
# Visual Studio Version 17
VisualStudioVersion = 17.5.002.0
MinimumVisualStudioVersion = 10.0.40219.1
Project("{2150E333-8FDC-42A3-9474-1A3956D46DE8}") = "src", "src", "{4F97F859-31FE-44E8-AB6C-26155813DAAC}"
EndProject
Project("{2150E333-8FDC-42A3-9474-1A3956D46DE8}") = "server", "server", "{DEA8D7E2-73EF-4449-9F1B-D54984C7F65A}"
EndProject
Project("{9A19103F-16F7-4668-BE54-9A1E7A4F7556}") = "RustStashServer.GraphQL", "src\server\RustStashServer.GraphQL\RustStashServer.GraphQL.csproj", "{528DCDC8-3855-41C7-BC49-F8BBBEBE1140}"
EndProject
Global
	GlobalSection(SolutionConfigurationPlatforms) = preSolution
		Debug|Any CPU = Debug|Any CPU
		Release|Any CPU = Release|Any CPU
	EndGlobalSection
	GlobalSection(ProjectConfigurationPlatforms) = postSolution
		{528DCDC8-3855-41C7-BC49-F8BBBEBE1140}.Debug|Any CPU.ActiveCfg = Debug|Any CPU
		{528DCDC8-3855-41C7-BC49-F8BBBEBE1140}.Debug|Any CPU.Build.0 = Debug|Any CPU
		{528DCDC8-3855-41C7-BC49-F8BBBEBE1140}.Release|Any CPU.ActiveCfg = Release|Any CPU
		{528DCDC8-3855-41C7-BC49-F8BBBEBE1140}.Release|Any CPU.Build.0 = Release|Any CPU
	EndGlobalSection
	GlobalSection(SolutionProperties) = preSolution
		HideSolutionNode = FALSE
	EndGlobalSection
	GlobalSection(NestedProjects) = preSolution
		{DEA8D7E2-73EF-4449-9F1B-D54984C7F65A} = {4F97F859-31FE-44E8-AB6C-26155813DAAC}
		{528DCDC8-3855-41C7-BC49-F8BBBEBE1140} = {DEA8D7E2-73EF-4449-9F1B-D54984C7F65A}
	EndGlobalSection
	GlobalSection(ExtensibilityGlobals) = postSolution
		SolutionGuid = {59A3D90C-E4CA-4160-951D-FDB8E0D4EB93}
	EndGlobalSection
EndGlobal
